<?xml version="1.0" encoding="utf-8"?>
<Project ToolsVersion="4.0" xmlns="http://schemas.microsoft.com/developer/msbuild/2003">
  <ItemGroup>
    <Filter Include="Source Files">
      <UniqueIdentifier>{4FC737F1-C7A5-4376-A066-2A32D752A2FF}</UniqueIdentifier>
      <Extensions>cpp;cxx;c;def</Extensions>
    </Filter>
    <Filter Include="Header Files">
      <UniqueIdentifier>{93995380-89BD-4b04-88EB-625FBE52EBFB}</UniqueIdentifier>
      <Extensions>h</Extensions>
    </Filter>
    <Filter Include="Resource Files">
      <UniqueIdentifier>{D9D6E242-F8AF-46E4-B9FD-80ECBC20BA3E}</UniqueIdentifier>
      <Extensions>qrc;*</Extensions>
      <ParseFiles>false</ParseFiles>
    </Filter>
  </ItemGroup>
  <ItemGroup>
    <ClCompile Include="main.cpp">
      <Filter>Source Files</Filter>
    </ClCompile>
    <ClCompile Include="SeparateTerm.cpp">
      <Filter>Source Files</Filter>
    </ClCompile>
    <ClCompile Include="TraverseFolder.cpp">
      <Filter>Source Files</Filter>
    </ClCompile>
    <ClCompile Include="Characters.cpp">
      <Filter>Source Files</Filter>
    </ClCompile>
    <ClCompile Include="CalculateNum.cpp">
      <Filter>Source Files</Filter>
    </ClCompile>
    <ClCompile Include="QtConnectMysql.cpp">
      <Filter>Source Files</Filter>
    </ClCompile>
    <ClCompile Include="FindBad.cpp">
      <Filter>Source Files</Filter>
    </ClCompile>
  </ItemGroup>
  <ItemGroup>
    <ClInclude Include="SeparateTerm.h">
      <Filter>Header Files</Filter>
    </ClInclude>
    <ClInclude Include="TraverseFolder.h">
      <Filter>Header Files</Filter>
    </ClInclude>
    <ClInclude Include="Characters.h">
      <Filter>Header Files</Filter>
    </ClInclude>
    <ClInclude Include="CalculateNum.h">
      <Filter>Header Files</Filter>
    </ClInclude>
    <ClInclude Include="QtConnectMysql.h">
      <Filter>Header Files</Filter>
    </ClInclude>
    <ClInclude Include="FindBad.h">
      <Filter>Header Files</Filter>
    </ClInclude>
    <ClInclude Include="define.h">
      <Filter>Header Files</Filter>
    </ClInclude>
  </ItemGroup>
  <ItemGroup>
    <None Include="zThanks.txt">
      <Filter>Resource Files</Filter>
    </None>
    <None Include="zYideGood.txt">
      <Filter>Resource Files</Filter>
    </None>
    <None Include="zYideBad.txt">
      <Filter>Resource Files</Filter>
    </None>
    <None Include="zYishuGood.txt">
      <Filter>Resource Files</Filter>
    </None>
    <None Include="zYishuBad.txt">
      <Filter>Resource Files</Filter>
    </None>
    <None Include="AllWords.txt">
      <Filter>Resource Files</Filter>
    </None>
    <None Include="ReadMe.txt">
      <Filter>Resource Files</Filter>
    </None>
  </ItemGroup>
</Project>