
Microsoft Visual Studio Solution File, Format Version 11.00
# Visual Studio 2010
Project("{8BC9CEB8-8B4A-11D0-8D11-00A0C91BC942}") = "Qt4KeyWords", "Qt4KeyWords\Qt4KeyWords.vcxproj", "{3D0FDBAC-ECD3-4CF4-97A7-E023273EC451}"
EndProject
Global
	GlobalSection(SolutionConfigurationPlatforms) = preSolution
		Debug|Win32 = Debug|Win32
		Release|Win32 = Release|Win32
	EndGlobalSection
	GlobalSection(ProjectConfigurationPlatforms) = postSolution
		{3D0FDBAC-ECD3-4CF4-97A7-E023273EC451}.Debug|Win32.ActiveCfg = Debug|Win32
		{3D0FDBAC-ECD3-4CF4-97A7-E023273EC451}.Debug|Win32.Build.0 = Debug|Win32
		{3D0FDBAC-ECD3-4CF4-97A7-E023273EC451}.Release|Win32.ActiveCfg = Release|Win32
		{3D0FDBAC-ECD3-4CF4-97A7-E023273EC451}.Release|Win32.Build.0 = Release|Win32
	EndGlobalSection
	GlobalSection(SolutionProperties) = preSolution
		HideSolutionNode = FALSE
	EndGlobalSection
EndGlobal
